
Microsoft Visual Studio Solution File, Format Version 12.00
# Visual Studio Version 17
VisualStudioVersion = 17.8.34330.188
MinimumVisualStudioVersion = 10.0.40219.1
Project("{FAE04EC0-301F-11D3-BF4B-00C04F79EFBC}") = "MyGrasshopperAssembly_20240519", "MyGrasshopperAssembly_20240519.csproj", "{18264136-2FBF-419A-B415-40BBA9FEB556}"
EndProject
Global
	GlobalSection(SolutionConfigurationPlatforms) = preSolution
		Debug|Any CPU = Debug|Any CPU
		Release|Any CPU = Release|Any CPU
	EndGlobalSection
	GlobalSection(ProjectConfigurationPlatforms) = postSolution
		{18264136-2FBF-419A-B415-40BBA9FEB556}.Debug|Any CPU.ActiveCfg = Debug|Any CPU
		{18264136-2FBF-419A-B415-40BBA9FEB556}.Debug|Any CPU.Build.0 = Debug|Any CPU
		{18264136-2FBF-419A-B415-40BBA9FEB556}.Release|Any CPU.ActiveCfg = Release|Any CPU
		{18264136-2FBF-419A-B415-40BBA9FEB556}.Release|Any CPU.Build.0 = Release|Any CPU
	EndGlobalSection
	GlobalSection(SolutionProperties) = preSolution
		HideSolutionNode = FALSE
	EndGlobalSection
	GlobalSection(ExtensibilityGlobals) = postSolution
		SolutionGuid = {1B9AF5F1-2597-447B-ACB4-3246FEFDCF51}
	EndGlobalSection
EndGlobal
